// !$*UTF8*$!
{
	archiveVersion = 1;
	classes = {
	};
	objectVersion = 55;
	objects = {

/* Begin PBXBuildFile section */
		55666205286A3CCA0075EC2E /* AppDelegate.swift in Sources */ = {isa = PBXBuildFile; fileRef = 55666204286A3CCA0075EC2E /* AppDelegate.swift */; };
		55666207286A3CCA0075EC2E /* SceneDelegate.swift in Sources */ = {isa = PBXBuildFile; fileRef = 55666206286A3CCA0075EC2E /* SceneDelegate.swift */; };
		5566620C286A3CCA0075EC2E /* Main.storyboard in Resources */ = {isa = PBXBuildFile; fileRef = 5566620A286A3CCA0075EC2E /* Main.storyboard */; };
		5566620F286A3CCA0075EC2E /* todos.xcdatamodeld in Sources */ = {isa = PBXBuildFile; fileRef = 5566620D286A3CCA0075EC2E /* todos.xcdatamodeld */; };
		55666211286A3CCC0075EC2E /* Assets.xcassets in Resources */ = {isa = PBXBuildFile; fileRef = 55666210286A3CCC0075EC2E /* Assets.xcassets */; };
		55666214286A3CCC0075EC2E /* LaunchScreen.storyboard in Resources */ = {isa = PBXBuildFile; fileRef = 55666212286A3CCC0075EC2E /* LaunchScreen.storyboard */; };
		5566621F286A3CCD0075EC2E /* todosTests.swift in Sources */ = {isa = PBXBuildFile; fileRef = 5566621E286A3CCD0075EC2E /* todosTests.swift */; };
		55666229286A3CCD0075EC2E /* todosUITests.swift in Sources */ = {isa = PBXBuildFile; fileRef = 55666228286A3CCD0075EC2E /* todosUITests.swift */; };
		5566622B286A3CCD0075EC2E /* todosUITestsLaunchTests.swift in Sources */ = {isa = PBXBuildFile; fileRef = 5566622A286A3CCD0075EC2E /* todosUITestsLaunchTests.swift */; };
		55666238286A42300075EC2E /* TableViewController.swift in Sources */ = {isa = PBXBuildFile; fileRef = 55666237286A42300075EC2E /* TableViewController.swift */; };
		5566623A286A42F90075EC2E /* ToDo.swift in Sources */ = {isa = PBXBuildFile; fileRef = 55666239286A42F90075EC2E /* ToDo.swift */; };
/* End PBXBuildFile section */

/* Begin PBXContainerItemProxy section */
		5566621B286A3CCD0075EC2E /* PBXContainerItemProxy */ = {
			isa = PBXContainerItemProxy;
			containerPortal = 556661F9286A3CCA0075EC2E /* Project object */;
			proxyType = 1;
			remoteGlobalIDString = 55666200286A3CCA0075EC2E;
			remoteInfo = todos;
		};
		55666225286A3CCD0075EC2E /* PBXContainerItemProxy */ = {
			isa = PBXContainerItemProxy;
			containerPortal = 556661F9286A3CCA0075EC2E /* Project object */;
			proxyType = 1;
			remoteGlobalIDString = 55666200286A3CCA0075EC2E;
			remoteInfo = todos;
		};
/* End PBXContainerItemProxy section */

/* Begin PBXFileReference section */
		55666201286A3CCA0075EC2E /* todos.app */ = {isa = PBXFileReference; explicitFileType = wrapper.application; includeInIndex = 0; path = todos.app; sourceTree = BUILT_PRODUCTS_DIR; };
		55666204286A3CCA0075EC2E /* AppDelegate.swift */ = {isa = PBXFileReference; lastKnownFileType = sourcecode.swift; path = AppDelegate.swift; sourceTree = "<group>"; };
		55666206286A3CCA0075EC2E /* SceneDelegate.swift */ = {isa = PBXFileReference; lastKnownFileType = sourcecode.swift; path = SceneDelegate.swift; sourceTree = "<group>"; };
		5566620B286A3CCA0075EC2E /* Base */ = {isa = PBXFileReference; lastKnownFileType = file.storyboard; name = Base; path = Base.lproj/Main.storyboard; sourceTree = "<group>"; };
		5566620E286A3CCA0075EC2E /* todos.xcdatamodel */ = {isa = PBXFileReference; lastKnownFileType = wrapper.xcdatamodel; path = todos.xcdatamodel; sourceTree = "<group>"; };
		55666210286A3CCC0075EC2E /* Assets.xcassets */ = {isa = PBXFileReference; lastKnownFileType = folder.assetcatalog; path = Assets.xcassets; sourceTree = "<group>"; };
		55666213286A3CCC0075EC2E /* Base */ = {isa = PBXFileReference; lastKnownFileType = file.storyboard; name = Base; path = Base.lproj/LaunchScreen.storyboard; sourceTree = "<group>"; };
		55666215286A3CCC0075EC2E /* Info.plist */ = {isa = PBXFileReference; lastKnownFileType = text.plist.xml; path = Info.plist; sourceTree = "<group>"; };
		5566621A286A3CCD0075EC2E /* todosTests.xctest */ = {isa = PBXFileReference; explicitFileType = wrapper.cfbundle; includeInIndex = 0; path = todosTests.xctest; sourceTree = BUILT_PRODUCTS_DIR; };
		5566621E286A3CCD0075EC2E /* todosTests.swift */ = {isa = PBXFileReference; lastKnownFileType = sourcecode.swift; path = todosTests.swift; sourceTree = "<group>"; };
		55666224286A3CCD0075EC2E /* todosUITests.xctest */ = {isa = PBXFileReference; explicitFileType = wrapper.cfbundle; includeInIndex = 0; path = todosUITests.xctest; sourceTree = BUILT_PRODUCTS_DIR; };
		55666228286A3CCD0075EC2E /* todosUITests.swift */ = {isa = PBXFileReference; lastKnownFileType = sourcecode.swift; path = todosUITests.swift; sourceTree = "<group>"; };
		5566622A286A3CCD0075EC2E /* todosUITestsLaunchTests.swift */ = {isa = PBXFileReference; lastKnownFileType = sourcecode.swift; path = todosUITestsLaunchTests.swift; sourceTree = "<group>"; };
		55666237286A42300075EC2E /* TableViewController.swift */ = {isa = PBXFileReference; lastKnownFileType = sourcecode.swift; path = TableViewController.swift; sourceTree = "<group>"; };
		55666239286A42F90075EC2E /* ToDo.swift */ = {isa = PBXFileReference; lastKnownFileType = sourcecode.swift; path = ToDo.swift; sourceTree = "<group>"; };
/* End PBXFileReference section */

/* Begin PBXFrameworksBuildPhase section */
		556661FE286A3CCA0075EC2E /* Frameworks */ = {
			isa = PBXFrameworksBuildPhase;
			buildActionMask = 2147483647;
			files = (
			);
			runOnlyForDeploymentPostprocessing = 0;
		};
		55666217286A3CCD0075EC2E /* Frameworks */ = {
			isa = PBXFrameworksBuildPhase;
			buildActionMask = 2147483647;
			files = (
			);
			runOnlyForDeploymentPostprocessing = 0;
		};
		55666221286A3CCD0075EC2E /* Frameworks */ = {
			isa = PBXFrameworksBuildPhase;
			buildActionMask = 2147483647;
			files = (
			);
			runOnlyForDeploymentPostprocessing = 0;
		};
/* End PBXFrameworksBuildPhase section */

/* Begin PBXGroup section */
		556661F8286A3CCA0075EC2E = {
			isa = PBXGroup;
			children = (
				55666203286A3CCA0075EC2E /* todos */,
				5566621D286A3CCD0075EC2E /* todosTests */,
				55666227286A3CCD0075EC2E /* todosUITests */,
				55666202286A3CCA0075EC2E /* Products */,
			);
			sourceTree = "<group>";
		};
		55666202286A3CCA0075EC2E /* Products */ = {
			isa = PBXGroup;
			children = (
				55666201286A3CCA0075EC2E /* todos.app */,
				5566621A286A3CCD0075EC2E /* todosTests.xctest */,
				55666224286A3CCD0075EC2E /* todosUITests.xctest */,
			);
			name = Products;
			sourceTree = "<group>";
		};
		55666203286A3CCA0075EC2E /* todos */ = {
			isa = PBXGroup;
			children = (
				55666204286A3CCA0075EC2E /* AppDelegate.swift */,
				55666206286A3CCA0075EC2E /* SceneDelegate.swift */,
				5566620A286A3CCA0075EC2E /* Main.storyboard */,
				55666239286A42F90075EC2E /* ToDo.swift */,
				55666237286A42300075EC2E /* TableViewController.swift */,
				55666210286A3CCC0075EC2E /* Assets.xcassets */,
				55666212286A3CCC0075EC2E /* LaunchScreen.storyboard */,
				55666215286A3CCC0075EC2E /* Info.plist */,
				5566620D286A3CCA0075EC2E /* todos.xcdatamodeld */,
			);
			path = todos;
			sourceTree = "<group>";
		};
		5566621D286A3CCD0075EC2E /* todosTests */ = {
			isa = PBXGroup;
			children = (
				5566621E286A3CCD0075EC2E /* todosTests.swift */,
			);
			path = todosTests;
			sourceTree = "<group>";
		};
		55666227286A3CCD0075EC2E /* todosUITests */ = {
			isa = PBXGroup;
			children = (
				55666228286A3CCD0075EC2E /* todosUITests.swift */,
				5566622A286A3CCD0075EC2E /* todosUITestsLaunchTests.swift */,
			);
			path = todosUITests;
			sourceTree = "<group>";
		};
/* End PBXGroup section */

/* Begin PBXNativeTarget section */
		55666200286A3CCA0075EC2E /* todos */ = {
			isa = PBXNativeTarget;
			buildConfigurationList = 5566622E286A3CCD0075EC2E /* Build configuration list for PBXNativeTarget "todos" */;
			buildPhases = (
				556661FD286A3CCA0075EC2E /* Sources */,
				556661FE286A3CCA0075EC2E /* Frameworks */,
				556661FF286A3CCA0075EC2E /* Resources */,
			);
			buildRules = (
			);
			dependencies = (
			);
			name = todos;
			productName = todos;
			productReference = 55666201286A3CCA0075EC2E /* todos.app */;
			productType = "com.apple.product-type.application";
		};
		55666219286A3CCD0075EC2E /* todosTests */ = {
			isa = PBXNativeTarget;
			buildConfigurationList = 55666231286A3CCD0075EC2E /* Build configuration list for PBXNativeTarget "todosTests" */;
			buildPhases = (
				55666216286A3CCD0075EC2E /* Sources */,
				55666217286A3CCD0075EC2E /* Frameworks */,
				55666218286A3CCD0075EC2E /* Resources */,
			);
			buildRules = (
			);
			dependencies = (
				5566621C286A3CCD0075EC2E /* PBXTargetDependency */,
			);
			name = todosTests;
			productName = todosTests;
			productReference = 5566621A286A3CCD0075EC2E /* todosTests.xctest */;
			productType = "com.apple.product-type.bundle.unit-test";
		};
		55666223286A3CCD0075EC2E /* todosUITests */ = {
			isa = PBXNativeTarget;
			buildConfigurationList = 55666234286A3CCD0075EC2E /* Build configuration list for PBXNativeTarget "todosUITests" */;
			buildPhases = (
				55666220286A3CCD0075EC2E /* Sources */,
				55666221286A3CCD0075EC2E /* Frameworks */,
				55666222286A3CCD0075EC2E /* Resources */,
			);
			buildRules = (
			);
			dependencies = (
				55666226286A3CCD0075EC2E /* PBXTargetDependency */,
			);
			name = todosUITests;
			productName = todosUITests;
			productReference = 55666224286A3CCD0075EC2E /* todosUITests.xctest */;
			productType = "com.apple.product-type.bundle.ui-testing";
		};
/* End PBXNativeTarget section */

/* Begin PBXProject section */
		556661F9286A3CCA0075EC2E /* Project object */ = {
			isa = PBXProject;
			attributes = {
				BuildIndependentTargetsInParallel = 1;
				LastSwiftUpdateCheck = 1340;
				LastUpgradeCheck = 1340;
				TargetAttributes = {
					55666200286A3CCA0075EC2E = {
						CreatedOnToolsVersion = 13.4;
					};
					55666219286A3CCD0075EC2E = {
						CreatedOnToolsVersion = 13.4;
						TestTargetID = 55666200286A3CCA0075EC2E;
					};
					55666223286A3CCD0075EC2E = {
						CreatedOnToolsVersion = 13.4;
						TestTargetID = 55666200286A3CCA0075EC2E;
					};
				};
			};
			buildConfigurationList = 556661FC286A3CCA0075EC2E /* Build configuration list for PBXProject "todos" */;
			compatibilityVersion = "Xcode 13.0";
			developmentRegion = en;
			hasScannedForEncodings = 0;
			knownRegions = (
				en,
				Base,
			);
			mainGroup = 556661F8286A3CCA0075EC2E;
			productRefGroup = 55666202286A3CCA0075EC2E /* Products */;
			projectDirPath = "";
			projectRoot = "";
			targets = (
				55666200286A3CCA0075EC2E /* todos */,
				55666219286A3CCD0075EC2E /* todosTests */,
				55666223286A3CCD0075EC2E /* todosUITests */,
			);
		};
/* End PBXProject section */

/* Begin PBXResourcesBuildPhase section */
		556661FF286A3CCA0075EC2E /* Resources */ = {
			isa = PBXResourcesBuildPhase;
			buildActionMask = 2147483647;
			files = (
				55666214286A3CCC0075EC2E /* LaunchScreen.storyboard in Resources */,
				55666211286A3CCC0075EC2E /* Assets.xcassets in Resources */,
				5566620C286A3CCA0075EC2E /* Main.storyboard in Resources */,
			);
			runOnlyForDeploymentPostprocessing = 0;
		};
		55666218286A3CCD0075EC2E /* Resources */ = {
			isa = PBXResourcesBuildPhase;
			buildActionMask = 2147483647;
			files = (
			);
			runOnlyForDeploymentPostprocessing = 0;
		};
		55666222286A3CCD0075EC2E /* Resources */ = {
			isa = PBXResourcesBuildPhase;
			buildActionMask = 2147483647;
			files = (
			);
			runOnlyForDeploymentPostprocessing = 0;
		};
/* End PBXResourcesBuildPhase section */

/* Begin PBXSourcesBuildPhase section */
		556661FD286A3CCA0075EC2E /* Sources */ = {
			isa = PBXSourcesBuildPhase;
			buildActionMask = 2147483647;
			files = (
				55666205286A3CCA0075EC2E /* AppDelegate.swift in Sources */,
				5566623A286A42F90075EC2E /* ToDo.swift in Sources */,
				55666207286A3CCA0075EC2E /* SceneDelegate.swift in Sources */,
				5566620F286A3CCA0075EC2E /* todos.xcdatamodeld in Sources */,
				55666238286A42300075EC2E /* TableViewController.swift in Sources */,
			);
			runOnlyForDeploymentPostprocessing = 0;
		};
		55666216286A3CCD0075EC2E /* Sources */ = {
			isa = PBXSourcesBuildPhase;
			buildActionMask = 2147483647;
			files = (
				5566621F286A3CCD0075EC2E /* todosTests.swift in Sources */,
			);
			runOnlyForDeploymentPostprocessing = 0;
		};
		55666220286A3CCD0075EC2E /* Sources */ = {
			isa = PBXSourcesBuildPhase;
			buildActionMask = 2147483647;
			files = (
				5566622B286A3CCD0075EC2E /* todosUITestsLaunchTests.swift in Sources */,
				55666229286A3CCD0075EC2E /* todosUITests.swift in Sources */,
			);
			runOnlyForDeploymentPostprocessing = 0;
		};
/* End PBXSourcesBuildPhase section */

/* Begin PBXTargetDependency section */
		5566621C286A3CCD0075EC2E /* PBXTargetDependency */ = {
			isa = PBXTargetDependency;
			target = 55666200286A3CCA0075EC2E /* todos */;
			targetProxy = 5566621B286A3CCD0075EC2E /* PBXContainerItemProxy */;
		};
		55666226286A3CCD0075EC2E /* PBXTargetDependency */ = {
			isa = PBXTargetDependency;
			target = 55666200286A3CCA0075EC2E /* todos */;
			targetProxy = 55666225286A3CCD0075EC2E /* PBXContainerItemProxy */;
		};
/* End PBXTargetDependency section */

/* Begin PBXVariantGroup section */
		5566620A286A3CCA0075EC2E /* Main.storyboard */ = {
			isa = PBXVariantGroup;
			children = (
				5566620B286A3CCA0075EC2E /* Base */,
			);
			name = Main.storyboard;
			sourceTree = "<group>";
		};
		55666212286A3CCC0075EC2E /* LaunchScreen.storyboard */ = {
			isa = PBXVariantGroup;
			children = (
				55666213286A3CCC0075EC2E /* Base */,
			);
			name = LaunchScreen.storyboard;
			sourceTree = "<group>";
		};
/* End PBXVariantGroup section */

/* Begin XCBuildConfiguration section */
		5566622C286A3CCD0075EC2E /* Debug */ = {
			isa = XCBuildConfiguration;
			buildSettings = {
				ALWAYS_SEARCH_USER_PATHS = NO;
				CLANG_ANALYZER_NONNULL = YES;
				CLANG_ANALYZER_NUMBER_OBJECT_CONVERSION = YES_AGGRESSIVE;
				CLANG_CXX_LANGUAGE_STANDARD = "gnu++17";
				CLANG_ENABLE_MODULES = YES;
				CLANG_ENABLE_OBJC_ARC = YES;
				CLANG_ENABLE_OBJC_WEAK = YES;
				CLANG_WARN_BLOCK_CAPTURE_AUTORELEASING = YES;
				CLANG_WARN_BOOL_CONVERSION = YES;
				CLANG_WARN_COMMA = YES;
				CLANG_WARN_CONSTANT_CONVERSION = YES;
				CLANG_WARN_DEPRECATED_OBJC_IMPLEMENTATIONS = YES;
				CLANG_WARN_DIRECT_OBJC_ISA_USAGE = YES_ERROR;
				CLANG_WARN_DOCUMENTATION_COMMENTS = YES;
				CLANG_WARN_EMPTY_BODY = YES;
				CLANG_WARN_ENUM_CONVERSION = YES;
				CLANG_WARN_INFINITE_RECURSION = YES;
				CLANG_WARN_INT_CONVERSION = YES;
				CLANG_WARN_NON_LITERAL_NULL_CONVERSION = YES;
				CLANG_WARN_OBJC_IMPLICIT_RETAIN_SELF = YES;
				CLANG_WARN_OBJC_LITERAL_CONVERSION = YES;
				CLANG_WARN_OBJC_ROOT_CLASS = YES_ERROR;
				CLANG_WARN_QUOTED_INCLUDE_IN_FRAMEWORK_HEADER = YES;
				CLANG_WARN_RANGE_LOOP_ANALYSIS = YES;
				CLANG_WARN_STRICT_PROTOTYPES = YES;
				CLANG_WARN_SUSPICIOUS_MOVE = YES;
				CLANG_WARN_UNGUARDED_AVAILABILITY = YES_AGGRESSIVE;
				CLANG_WARN_UNREACHABLE_CODE = YES;
				CLANG_WARN__DUPLICATE_METHOD_MATCH = YES;
				COPY_PHASE_STRIP = NO;
				DEBUG_INFORMATION_FORMAT = dwarf;
				ENABLE_STRICT_OBJC_MSGSEND = YES;
				ENABLE_TESTABILITY = YES;
				GCC_C_LANGUAGE_STANDARD = gnu11;
				GCC_DYNAMIC_NO_PIC = NO;
				GCC_NO_COMMON_BLOCKS = YES;
				GCC_OPTIMIZATION_LEVEL = 0;
				GCC_PREPROCESSOR_DEFINITIONS = (
					"DEBUG=1",
					"$(inherited)",
				);
				GCC_WARN_64_TO_32_BIT_CONVERSION = YES;
				GCC_WARN_ABOUT_RETURN_TYPE = YES_ERROR;
				GCC_WARN_UNDECLARED_SELECTOR = YES;
				GCC_WARN_UNINITIALIZED_AUTOS = YES_AGGRESSIVE;
				GCC_WARN_UNUSED_FUNCTION = YES;
				GCC_WARN_UNUSED_VARIABLE = YES;
				IPHONEOS_DEPLOYMENT_TARGET = 15.5;
				MTL_ENABLE_DEBUG_INFO = INCLUDE_SOURCE;
				MTL_FAST_MATH = YES;
				ONLY_ACTIVE_ARCH = YES;
				SDKROOT = iphoneos;
				SWIFT_ACTIVE_COMPILATION_CONDITIONS = DEBUG;
				SWIFT_OPTIMIZATION_LEVEL = "-Onone";
			};
			name = Debug;
		};
		5566622D286A3CCD0075EC2E /* Release */ = {
			isa = XCBuildConfiguration;
			buildSettings = {
				ALWAYS_SEARCH_USER_PATHS = NO;
				CLANG_ANALYZER_NONNULL = YES;
				CLANG_ANALYZER_NUMBER_OBJECT_CONVERSION = YES_AGGRESSIVE;
				CLANG_CXX_LANGUAGE_STANDARD = "gnu++17";
				CLANG_ENABLE_MODULES = YES;
				CLANG_ENABLE_OBJC_ARC = YES;
				CLANG_ENABLE_OBJC_WEAK = YES;
				CLANG_WARN_BLOCK_CAPTURE_AUTORELEASING = YES;
				CLANG_WARN_BOOL_CONVERSION = YES;
				CLANG_WARN_COMMA = YES;
				CLANG_WARN_CONSTANT_CONVERSION = YES;
				CLANG_WARN_DEPRECATED_OBJC_IMPLEMENTATIONS = YES;
				CLANG_WARN_DIRECT_OBJC_ISA_USAGE = YES_ERROR;
				CLANG_WARN_DOCUMENTATION_COMMENTS = YES;
				CLANG_WARN_EMPTY_BODY = YES;
				CLANG_WARN_ENUM_CONVERSION = YES;
				CLANG_WARN_INFINITE_RECURSION = YES;
				CLANG_WARN_INT_CONVERSION = YES;
				CLANG_WARN_NON_LITERAL_NULL_CONVERSION = YES;
				CLANG_WARN_OBJC_IMPLICIT_RETAIN_SELF = YES;
				CLANG_WARN_OBJC_LITERAL_CONVERSION = YES;
				CLANG_WARN_OBJC_ROOT_CLASS = YES_ERROR;
				CLANG_WARN_QUOTED_INCLUDE_IN_FRAMEWORK_HEADER = YES;
				CLANG_WARN_RANGE_LOOP_ANALYSIS = YES;
				CLANG_WARN_STRICT_PROTOTYPES = YES;
				CLANG_WARN_SUSPICIOUS_MOVE = YES;
				CLANG_WARN_UNGUARDED_AVAILABILITY = YES_AGGRESSIVE;
				CLANG_WARN_UNREACHABLE_CODE = YES;
				CLANG_WARN__DUPLICATE_METHOD_MATCH = YES;
				COPY_PHASE_STRIP = NO;
				DEBUG_INFORMATION_FORMAT = "dwarf-with-dsym";
				ENABLE_NS_ASSERTIONS = NO;
				ENABLE_STRICT_OBJC_MSGSEND = YES;
				GCC_C_LANGUAGE_STANDARD = gnu11;
				GCC_NO_COMMON_BLOCKS = YES;
				GCC_WARN_64_TO_32_BIT_CONVERSION = YES;
				GCC_WARN_ABOUT_RETURN_TYPE = YES_ERROR;
				GCC_WARN_UNDECLARED_SELECTOR = YES;
				GCC_WARN_UNINITIALIZED_AUTOS = YES_AGGRESSIVE;
				GCC_WARN_UNUSED_FUNCTION = YES;
				GCC_WARN_UNUSED_VARIABLE = YES;
				IPHONEOS_DEPLOYMENT_TARGET = 15.5;
				MTL_ENABLE_DEBUG_INFO = NO;
				MTL_FAST_MATH = YES;
				SDKROOT = iphoneos;
				SWIFT_COMPILATION_MODE = wholemodule;
				SWIFT_OPTIMIZATION_LEVEL = "-O";
				VALIDATE_PRODUCT = YES;
			};
			name = Release;
		};
		5566622F286A3CCD0075EC2E /* Debug */ = {
			isa = XCBuildConfiguration;
			buildSettings = {
				ASSETCATALOG_COMPILER_APPICON_NAME = AppIcon;
				ASSETCATALOG_COMPILER_GLOBAL_ACCENT_COLOR_NAME = AccentColor;
				CODE_SIGN_STYLE = Automatic;
				CURRENT_PROJECT_VERSION = 1;
				GENERATE_INFOPLIST_FILE = YES;
				INFOPLIST_FILE = todos/Info.plist;
				INFOPLIST_KEY_UIApplicationSupportsIndirectInputEvents = YES;
				INFOPLIST_KEY_UILaunchStoryboardName = LaunchScreen;
				INFOPLIST_KEY_UIMainStoryboardFile = Main;
				INFOPLIST_KEY_UISupportedInterfaceOrientations_iPad = "UIInterfaceOrientationPortrait UIInterfaceOrientationPortraitUpsideDown UIInterfaceOrientationLandscapeLeft UIInterfaceOrientationLandscapeRight";
				INFOPLIST_KEY_UISupportedInterfaceOrientations_iPhone = "UIInterfaceOrientationPortrait UIInterfaceOrientationLandscapeLeft UIInterfaceOrientationLandscapeRight";
				LD_RUNPATH_SEARCH_PATHS = (
					"$(inherited)",
					"@executable_path/Frameworks",
				);
				MARKETING_VERSION = 1.0;
				PRODUCT_BUNDLE_IDENTIFIER = kwk.todos;
				PRODUCT_NAME = "$(TARGET_NAME)";
				SWIFT_EMIT_LOC_STRINGS = YES;
				SWIFT_VERSION = 5.0;
				TARGETED_DEVICE_FAMILY = "1,2";
			};
			name = Debug;
		};
		55666230286A3CCD0075EC2E /* Release */ = {
			isa = XCBuildConfiguration;
			buildSettings = {
				ASSETCATALOG_COMPILER_APPICON_NAME = AppIcon;
				ASSETCATALOG_COMPILER_GLOBAL_ACCENT_COLOR_NAME = AccentColor;
				CODE_SIGN_STYLE = Automatic;
				CURRENT_PROJECT_VERSION = 1;
				GENERATE_INFOPLIST_FILE = YES;
				INFOPLIST_FILE = todos/Info.plist;
				INFOPLIST_KEY_UIApplicationSupportsIndirectInputEvents = YES;
				INFOPLIST_KEY_UILaunchStoryboardName = LaunchScreen;
				INFOPLIST_KEY_UIMainStoryboardFile = Main;
				INFOPLIST_KEY_UISupportedInterfaceOrientations_iPad = "UIInterfaceOrientationPortrait UIInterfaceOrientationPortraitUpsideDown UIInterfaceOrientationLandscapeLeft UIInterfaceOrientationLandscapeRight";
				INFOPLIST_KEY_UISupportedInterfaceOrientations_iPhone = "UIInterfaceOrientationPortrait UIInterfaceOrientationLandscapeLeft UIInterfaceOrientationLandscapeRight";
				LD_RUNPATH_SEARCH_PATHS = (
					"$(inherited)",
					"@executable_path/Frameworks",
				);
				MARKETING_VERSION = 1.0;
				PRODUCT_BUNDLE_IDENTIFIER = kwk.todos;
				PRODUCT_NAME = "$(TARGET_NAME)";
				SWIFT_EMIT_LOC_STRINGS = YES;
				SWIFT_VERSION = 5.0;
				TARGETED_DEVICE_FAMILY = "1,2";
			};
			name = Release;
		};
		55666232286A3CCD0075EC2E /* Debug */ = {
			isa = XCBuildConfiguration;
			buildSettings = {
				ALWAYS_EMBED_SWIFT_STANDARD_LIBRARIES = YES;
				BUNDLE_LOADER = "$(TEST_HOST)";
				CODE_SIGN_STYLE = Automatic;
				CURRENT_PROJECT_VERSION = 1;
				GENERATE_INFOPLIST_FILE = YES;
				IPHONEOS_DEPLOYMENT_TARGET = 15.5;
				MARKETING_VERSION = 1.0;
				PRODUCT_BUNDLE_IDENTIFIER = kwk.todosTests;
				PRODUCT_NAME = "$(TARGET_NAME)";
				SWIFT_EMIT_LOC_STRINGS = NO;
				SWIFT_VERSION = 5.0;
				TARGETED_DEVICE_FAMILY = "1,2";
				TEST_HOST = "$(BUILT_PRODUCTS_DIR)/todos.app/todos";
			};
			name = Debug;
		};
		55666233286A3CCD0075EC2E /* Release */ = {
			isa = XCBuildConfiguration;
			buildSettings = {
				ALWAYS_EMBED_SWIFT_STANDARD_LIBRARIES = YES;
				BUNDLE_LOADER = "$(TEST_HOST)";
				CODE_SIGN_STYLE = Automatic;
				CURRENT_PROJECT_VERSION = 1;
				GENERATE_INFOPLIST_FILE = YES;
				IPHONEOS_DEPLOYMENT_TARGET = 15.5;
				MARKETING_VERSION = 1.0;
				PRODUCT_BUNDLE_IDENTIFIER = kwk.todosTests;
				PRODUCT_NAME = "$(TARGET_NAME)";
				SWIFT_EMIT_LOC_STRINGS = NO;
				SWIFT_VERSION = 5.0;
				TARGETED_DEVICE_FAMILY = "1,2";
				TEST_HOST = "$(BUILT_PRODUCTS_DIR)/todos.app/todos";
			};
			name = Release;
		};
		55666235286A3CCD0075EC2E /* Debug */ = {
			isa = XCBuildConfiguration;
			buildSettings = {
				ALWAYS_EMBED_SWIFT_STANDARD_LIBRARIES = YES;
				CODE_SIGN_STYLE = Automatic;
				CURRENT_PROJECT_VERSION = 1;
				GENERATE_INFOPLIST_FILE = YES;
				MARKETING_VERSION = 1.0;
				PRODUCT_BUNDLE_IDENTIFIER = kwk.todosUITests;
				PRODUCT_NAME = "$(TARGET_NAME)";
				SWIFT_EMIT_LOC_STRINGS = NO;
				SWIFT_VERSION = 5.0;
				TARGETED_DEVICE_FAMILY = "1,2";
				TEST_TARGET_NAME = todos;
			};
			name = Debug;
		};
		55666236286A3CCD0075EC2E /* Release */ = {
			isa = XCBuildConfiguration;
			buildSettings = {
				ALWAYS_EMBED_SWIFT_STANDARD_LIBRARIES = YES;
				CODE_SIGN_STYLE = Automatic;
				CURRENT_PROJECT_VERSION = 1;
				GENERATE_INFOPLIST_FILE = YES;
				MARKETING_VERSION = 1.0;
				PRODUCT_BUNDLE_IDENTIFIER = kwk.todosUITests;
				PRODUCT_NAME = "$(TARGET_NAME)";
				SWIFT_EMIT_LOC_STRINGS = NO;
				SWIFT_VERSION = 5.0;
				TARGETED_DEVICE_FAMILY = "1,2";
				TEST_TARGET_NAME = todos;
			};
			name = Release;
		};
/* End XCBuildConfiguration section */

/* Begin XCConfigurationList section */
		556661FC286A3CCA0075EC2E /* Build configuration list for PBXProject "todos" */ = {
			isa = XCConfigurationList;
			buildConfigurations = (
				5566622C286A3CCD0075EC2E /* Debug */,
				5566622D286A3CCD0075EC2E /* Release */,
			);
			defaultConfigurationIsVisible = 0;
			defaultConfigurationName = Release;
		};
		5566622E286A3CCD0075EC2E /* Build configuration list for PBXNativeTarget "todos" */ = {
			isa = XCConfigurationList;
			buildConfigurations = (
				5566622F286A3CCD0075EC2E /* Debug */,
				55666230286A3CCD0075EC2E /* Release */,
			);
			defaultConfigurationIsVisible = 0;
			defaultConfigurationName = Release;
		};
		55666231286A3CCD0075EC2E /* Build configuration list for PBXNativeTarget "todosTests" */ = {
			isa = XCConfigurationList;
			buildConfigurations = (
				55666232286A3CCD0075EC2E /* Debug */,
				55666233286A3CCD0075EC2E /* Release */,
			);
			defaultConfigurationIsVisible = 0;
			defaultConfigurationName = Release;
		};
		55666234286A3CCD0075EC2E /* Build configuration list for PBXNativeTarget "todosUITests" */ = {
			isa = XCConfigurationList;
			buildConfigurations = (
				55666235286A3CCD0075EC2E /* Debug */,
				55666236286A3CCD0075EC2E /* Release */,
			);
			defaultConfigurationIsVisible = 0;
			defaultConfigurationName = Release;
		};
/* End XCConfigurationList section */

/* Begin XCVersionGroup section */
		5566620D286A3CCA0075EC2E /* todos.xcdatamodeld */ = {
			isa = XCVersionGroup;
			children = (
				5566620E286A3CCA0075EC2E /* todos.xcdatamodel */,
			);
			currentVersion = 5566620E286A3CCA0075EC2E /* todos.xcdatamodel */;
			path = todos.xcdatamodeld;
			sourceTree = "<group>";
			versionGroupType = wrapper.xcdatamodel;
		};
/* End XCVersionGroup section */
	};
	rootObject = 556661F9286A3CCA0075EC2E /* Project object */;
}
